
Microsoft Visual Studio Solution File, Format Version 12.00
# Visual Studio 2012
Project("{FAE04EC0-301F-11D3-BF4B-00C04F79EFBC}") = "PortugolWebsite", "PortugolWebsite.csproj", "{A2F30AD7-8059-415C-86BA-D18F7D9E0157}"
EndProject
Global
	GlobalSection(SolutionConfigurationPlatforms) = preSolution
		Debug|Any CPU = Debug|Any CPU
		Release|Any CPU = Release|Any CPU
	EndGlobalSection
	GlobalSection(ProjectConfigurationPlatforms) = postSolution
		{A2F30AD7-8059-415C-86BA-D18F7D9E0157}.Debug|Any CPU.ActiveCfg = Debug|Any CPU
		{A2F30AD7-8059-415C-86BA-D18F7D9E0157}.Debug|Any CPU.Build.0 = Debug|Any CPU
		{A2F30AD7-8059-415C-86BA-D18F7D9E0157}.Release|Any CPU.ActiveCfg = Release|Any CPU
		{A2F30AD7-8059-415C-86BA-D18F7D9E0157}.Release|Any CPU.Build.0 = Release|Any CPU
	EndGlobalSection
	GlobalSection(SolutionProperties) = preSolution
		HideSolutionNode = FALSE
	EndGlobalSection
EndGlobal
